
Microsoft Visual Studio Solution File, Format Version 12.00
# Visual Studio Version 17
VisualStudioVersion = 17.14.36401.2 d17.14
MinimumVisualStudioVersion = 10.0.40219.1
Project("{FAE04EC0-301F-11D3-BF4B-00C04F79EFBC}") = "waluty", "waluty\waluty.csproj", "{741E8B21-4D0A-4971-8D9A-D1D1933D09D1}"
EndProject
Global
	GlobalSection(SolutionConfigurationPlatforms) = preSolution
		Debug|Any CPU = Debug|Any CPU
		Release|Any CPU = Release|Any CPU
	EndGlobalSection
	GlobalSection(ProjectConfigurationPlatforms) = postSolution
		{741E8B21-4D0A-4971-8D9A-D1D1933D09D1}.Debug|Any CPU.ActiveCfg = Debug|Any CPU
		{741E8B21-4D0A-4971-8D9A-D1D1933D09D1}.Debug|Any CPU.Build.0 = Debug|Any CPU
		{741E8B21-4D0A-4971-8D9A-D1D1933D09D1}.Release|Any CPU.ActiveCfg = Release|Any CPU
		{741E8B21-4D0A-4971-8D9A-D1D1933D09D1}.Release|Any CPU.Build.0 = Release|Any CPU
	EndGlobalSection
	GlobalSection(SolutionProperties) = preSolution
		HideSolutionNode = FALSE
	EndGlobalSection
	GlobalSection(ExtensibilityGlobals) = postSolution
		SolutionGuid = {7CE641E4-B676-4623-88B7-B0FD5411B3D6}
	EndGlobalSection
EndGlobal
